Microsoft Visual Studio Solution File, Format Version 12.00
# Visual Studio Version 17
VisualStudioVersion = 17.5.2.0
MinimumVisualStudioVersion = 10.0.40219.1
Project("{FAE04EC0-301F-11D3-BF4B-00C04F79EFBC}") = "RadialLab", "RadialLab.csproj", "{29632B8A-BD45-7847-2ED5-1CF6D92EEF13}"
EndProject
Global
	GlobalSection(SolutionConfigurationPlatforms) = preSolution
		Debug|Any CPU = Debug|Any CPU
		Release|Any CPU = Release|Any CPU
	EndGlobalSection
	GlobalSection(ProjectConfigurationPlatforms) = postSolution
		{29632B8A-BD45-7847-2ED5-1CF6D92EEF13}.Debug|Any CPU.ActiveCfg = Debug|Any CPU
		{29632B8A-BD45-7847-2ED5-1CF6D92EEF13}.Debug|Any CPU.Build.0 = Debug|Any CPU
		{29632B8A-BD45-7847-2ED5-1CF6D92EEF13}.Release|Any CPU.ActiveCfg = Release|Any CPU
		{29632B8A-BD45-7847-2ED5-1CF6D92EEF13}.Release|Any CPU.Build.0 = Release|Any CPU
	EndGlobalSection
	GlobalSection(SolutionProperties) = preSolution
		HideSolutionNode = FALSE
	EndGlobalSection
	GlobalSection(ExtensibilityGlobals) = postSolution
		SolutionGuid = {2A563B67-EA8A-4572-972F-953AAEC6B16D}
	EndGlobalSection
EndGlobal
